
Microsoft Visual Studio Solution File, Format Version 12.00
# Visual Studio Version 16
VisualStudioVersion = 16.0.30804.86
MinimumVisualStudioVersion = 10.0.40219.1
Project("{888888A0-9F3D-457C-B088-3A5042F75D52}") = "dia 1 task", "dia 1 task\dia 1 task.pyproj", "{1BBEE83C-893D-4C45-A7CE-787D079FE903}"
EndProject
Global
	GlobalSection(SolutionConfigurationPlatforms) = preSolution
		Debug|Any CPU = Debug|Any CPU
		Release|Any CPU = Release|Any CPU
	EndGlobalSection
	GlobalSection(ProjectConfigurationPlatforms) = postSolution
		{1BBEE83C-893D-4C45-A7CE-787D079FE903}.Debug|Any CPU.ActiveCfg = Debug|Any CPU
		{1BBEE83C-893D-4C45-A7CE-787D079FE903}.Release|Any CPU.ActiveCfg = Release|Any CPU
	EndGlobalSection
	GlobalSection(SolutionProperties) = preSolution
		HideSolutionNode = FALSE
	EndGlobalSection
	GlobalSection(ExtensibilityGlobals) = postSolution
		SolutionGuid = {4ACC2CE3-0B67-4AA1-B7FD-1490C2C6774B}
	EndGlobalSection
EndGlobal
